
Microsoft Visual Studio Solution File, Format Version 12.00
# Visual Studio Version 17
VisualStudioVersion = 17.0.32112.339
MinimumVisualStudioVersion = 10.0.40219.1
Project("{2150E333-8FDC-42A3-9474-1A3956D46DE8}") = "Applications", "Applications", "{0911DDF1-E514-4BCF-915A-49999D5D168C}"
EndProject
Project("{9A19103F-16F7-4668-BE54-9A1E7A4F7556}") = "GameSpec.App.Explorer", "Applications\GameSpec.App.Explorer\GameSpec.App.Explorer.csproj", "{38C4E47D-7418-41FD-8017-FB5104D128BA}"
EndProject
Project("{9A19103F-16F7-4668-BE54-9A1E7A4F7556}") = "GameSpec.App.Cli", "Applications\GameSpec.App.Cli\GameSpec.App.Cli.csproj", "{F2C4C5A4-216F-43D9-8B8B-A793F70B3539}"
EndProject
Project("{9A19103F-16F7-4668-BE54-9A1E7A4F7556}") = "GameSpec.App.UnityPlugin", "Applications\GameSpec.App.UnityPlugin\GameSpec.App.UnityPlugin.csproj", "{CD09B351-E57D-4B12-914F-9F18E792E861}"
EndProject
Project("{9A19103F-16F7-4668-BE54-9A1E7A4F7556}") = "GameSpec.App.UnrealPlugin", "Applications\GameSpec.App.UnrealPlugin\GameSpec.App.UnrealPlugin.csproj", "{80148EDE-E470-402C-B8C5-D20E5847D983}"
EndProject
Project("{9A19103F-16F7-4668-BE54-9A1E7A4F7556}") = "GameSpec.App.CliTests", "Applications\GameSpec.App.CliTests\GameSpec.App.CliTests.csproj", "{DE9BDA65-BCFA-4E75-B30E-BC00E2AE96EC}"
EndProject
Project("{2150E333-8FDC-42A3-9474-1A3956D46DE8}") = "OpenStack", "OpenStack", "{4EC06189-D9CE-42F3-BFA0-F70810EF617B}"
EndProject
Project("{9A19103F-16F7-4668-BE54-9A1E7A4F7556}") = "GameSpec.Platform.OpenGL", "Base\GameSpec.Platform.OpenGL\GameSpec.Platform.OpenGL.csproj", "{25CF4BF8-091C-43FC-8ADB-D2E1D80EEAF5}"
EndProject
Project("{9A19103F-16F7-4668-BE54-9A1E7A4F7556}") = "GameSpec.Platform.Unity", "Base\GameSpec.Platform.Unity\GameSpec.Platform.Unity.csproj", "{5FA4394C-FC95-4985-AC57-945F74DFB546}"
EndProject
Project("{9A19103F-16F7-4668-BE54-9A1E7A4F7556}") = "GameSpec.All", "Base\GameSpec.All\GameSpec.All.csproj", "{7A2A2C87-7854-472F-9F5E-97CB5AE7F4E4}"
EndProject
Project("{9A19103F-16F7-4668-BE54-9A1E7A4F7556}") = "GameSpec.Platform.Unreal", "Base\GameSpec.Platform.Unreal\GameSpec.Platform.Unreal.csproj", "{D41A01B3-4586-4DDB-989D-98BB202B96F0}"
EndProject
Project("{9A19103F-16F7-4668-BE54-9A1E7A4F7556}") = "GameSpec.AllTests", "Base\GameSpec.AllTests\GameSpec.AllTests.csproj", "{E7557448-1A46-42B9-B57C-F3491E67FF59}"
EndProject
Project("{9A19103F-16F7-4668-BE54-9A1E7A4F7556}") = "GameSpec.App.Base", "Applications\GameSpec.App.Base\GameSpec.App.Base.csproj", "{3F0D05C9-53B2-45E0-9B87-2AB5E6650135}"
EndProject
Project("{9A19103F-16F7-4668-BE54-9A1E7A4F7556}") = "GameSpec.App.BaseTests", "Applications\GameSpec.App.BaseTests\GameSpec.App.BaseTests.csproj", "{BD2EA3EA-3F60-4184-94E2-7486A1BFE539}"
EndProject
Project("{2150E333-8FDC-42A3-9474-1A3956D46DE8}") = "Tes", "Tes", "{7F78A794-57C6-4BC7-9267-1E68E4CEC9DE}"
	ProjectSection(SolutionItems) = preProject
		Tes\Readme.md = Tes\Readme.md
		Tes\TesFamily.json = Tes\TesFamily.json
	EndProjectSection
EndProject
Project("{888888A0-9F3D-457C-B088-3A5042F75D52}") = "GameSpec.Tes.NifGen", "Tes\GameSpec.Tes.NifGen\GameSpec.Tes.NifGen.pyproj", "{D220D1B1-A252-4314-AB0D-A541B9BD5531}"
EndProject
Project("{2150E333-8FDC-42A3-9474-1A3956D46DE8}") = "AC", "AC", "{BDE29250-8EA7-47E0-8D67-A58A176B2D30}"
	ProjectSection(SolutionItems) = preProject
		AC\ACFamily.json = AC\ACFamily.json
		AC\Readme.md = AC\Readme.md
	EndProjectSection
EndProject
Project("{2150E333-8FDC-42A3-9474-1A3956D46DE8}") = "Arkane", "Arkane", "{793BECC6-9830-4CB9-B65C-DBC4C14ADCA4}"
	ProjectSection(SolutionItems) = preProject
		Arkane\ArkaneFamily.json = Arkane\ArkaneFamily.json
		Arkane\Readme.md = Arkane\Readme.md
	EndProjectSection
EndProject
Project("{2150E333-8FDC-42A3-9474-1A3956D46DE8}") = "Aurora", "Aurora", "{0BE39DA4-4D1C-4FBE-87F5-C6C87F039DF0}"
	ProjectSection(SolutionItems) = preProject
		Aurora\AuroraFamily.json = Aurora\AuroraFamily.json
		Aurora\Readme.md = Aurora\Readme.md
	EndProjectSection
EndProject
Project("{2150E333-8FDC-42A3-9474-1A3956D46DE8}") = "Cry", "Cry", "{D78C77D6-2696-446A-9D13-7FAE6F3255EE}"
	ProjectSection(SolutionItems) = preProject
		Cry\CryFamily.json = Cry\CryFamily.json
		Cry\Readme.md = Cry\Readme.md
	EndProjectSection
EndProject
Project("{2150E333-8FDC-42A3-9474-1A3956D46DE8}") = "Cyanide", "Cyanide", "{AFEFEEB6-4CAB-4CA3-8FDF-C2C2BDE8C415}"
	ProjectSection(SolutionItems) = preProject
		Cyanide\CyanideFamily.json = Cyanide\CyanideFamily.json
		Cyanide\Readme.md = Cyanide\Readme.md
	EndProjectSection
EndProject
Project("{2150E333-8FDC-42A3-9474-1A3956D46DE8}") = "Origin", "Origin", "{8BAFFF0D-E0B5-495F-84D5-7FF2A4314DA4}"
	ProjectSection(SolutionItems) = preProject
		Origin\OriginFamily.json = Origin\OriginFamily.json
		Origin\Readme.md = Origin\Readme.md
	EndProjectSection
EndProject
Project("{2150E333-8FDC-42A3-9474-1A3956D46DE8}") = "Red", "Red", "{6E7BB6E0-0506-46AB-A740-D6168BC46D3F}"
	ProjectSection(SolutionItems) = preProject
		Red\Readme.md = Red\Readme.md
		Red\RedFamily.json = Red\RedFamily.json
	EndProjectSection
EndProject
Project("{2150E333-8FDC-42A3-9474-1A3956D46DE8}") = "Rsi", "Rsi", "{228CD927-3DD3-45AA-9529-B703AC15A1AA}"
	ProjectSection(SolutionItems) = preProject
		Rsi\Readme.md = Rsi\Readme.md
		Rsi\RsiFamily.json = Rsi\RsiFamily.json
	EndProjectSection
EndProject
Project("{2150E333-8FDC-42A3-9474-1A3956D46DE8}") = "Unity", "Unity", "{D13E28F2-5471-49F4-BE39-E7920D84D918}"
	ProjectSection(SolutionItems) = preProject
		Unity\Readme.md = Unity\Readme.md
		Unity\UnityFamily.json = Unity\UnityFamily.json
	EndProjectSection
EndProject
Project("{2150E333-8FDC-42A3-9474-1A3956D46DE8}") = "Unreal", "Unreal", "{9123F171-1DB1-4AB3-95F3-D4BF658998D7}"
	ProjectSection(SolutionItems) = preProject
		Unreal\Readme.md = Unreal\Readme.md
		Unreal\UnrealFamily.json = Unreal\UnrealFamily.json
	EndProjectSection
EndProject
Project("{2150E333-8FDC-42A3-9474-1A3956D46DE8}") = "Valve", "Valve", "{B9CFB3F1-EFD8-4107-8E96-343726BBC9DC}"
	ProjectSection(SolutionItems) = preProject
		Valve\Readme.md = Valve\Readme.md
		Valve\ValveFamily.json = Valve\ValveFamily.json
	EndProjectSection
EndProject
Project("{9A19103F-16F7-4668-BE54-9A1E7A4F7556}") = "GameSpec.AC", "AC\GameSpec.AC\GameSpec.AC.csproj", "{A5A1B037-867C-4EB9-B4C1-AA87FD81220B}"
EndProject
Project("{2150E333-8FDC-42A3-9474-1A3956D46DE8}") = "Base", "Base", "{6D2DEF34-0211-49A7-B0CE-8AF7AE738D8A}"
EndProject
Project("{9A19103F-16F7-4668-BE54-9A1E7A4F7556}") = "GameSpec.Base", "Base\GameSpec.Base\GameSpec.Base.csproj", "{8AA7AF15-6733-430E-AFB6-FFE80598EFDF}"
EndProject
Project("{9A19103F-16F7-4668-BE54-9A1E7A4F7556}") = "GameSpec.Arkane", "Arkane\GameSpec.Arkane\GameSpec.Arkane.csproj", "{F2D4E3F8-7EC0-4BDC-AD85-B442653362DC}"
EndProject
Project("{9A19103F-16F7-4668-BE54-9A1E7A4F7556}") = "GameSpec.Aurora", "Aurora\GameSpec.Aurora\GameSpec.Aurora.csproj", "{0073A5EA-A7A8-4A9C-BBA7-0731B37695FD}"
EndProject
Project("{9A19103F-16F7-4668-BE54-9A1E7A4F7556}") = "GameSpec.Cry", "Cry\GameSpec.Cry\GameSpec.Cry.csproj", "{2C3C4F52-8899-47E2-B0F4-72C926B9FB1D}"
EndProject
Project("{2150E333-8FDC-42A3-9474-1A3956D46DE8}") = "Physics", "Physics", "{CFD8D658-BE5E-43FF-A6A8-C5282FB494F0}"
EndProject
Project("{9A19103F-16F7-4668-BE54-9A1E7A4F7556}") = "OpenStack.Physics", "OpenStack\Physics\OpenStack.Physics\OpenStack.Physics.csproj", "{4CC178CE-D29A-411E-858C-C842896612C0}"
EndProject
Project("{2150E333-8FDC-42A3-9474-1A3956D46DE8}") = "Graphics", "Graphics", "{8AFD3AEA-A28F-43C7-8D42-0CF8388BE7D2}"
EndProject
Project("{9A19103F-16F7-4668-BE54-9A1E7A4F7556}") = "OpenStack.Graphics", "OpenStack\Graphics\OpenStack.Graphics\OpenStack.Graphics.csproj", "{5D3D4FC2-C888-4462-96CD-72B6030C9E26}"
EndProject
Project("{9A19103F-16F7-4668-BE54-9A1E7A4F7556}") = "OpenStack.Graphics.GLControl", "OpenStack\Graphics\OpenStack.Graphics.GLControl\OpenStack.Graphics.GLControl.csproj", "{D8ED51A9-99A8-4AAE-9436-EFD0EC729726}"
EndProject
Project("{9A19103F-16F7-4668-BE54-9A1E7A4F7556}") = "OpenStack.Graphics.OpenGL", "OpenStack\Graphics\OpenStack.Graphics.OpenGL\OpenStack.Graphics.OpenGL.csproj", "{CEE4D753-134D-4B37-877B-912CBD0AE852}"
EndProject
Project("{9A19103F-16F7-4668-BE54-9A1E7A4F7556}") = "OpenStack.GraphicsTests", "OpenStack\Graphics\OpenStack.GraphicsTests\OpenStack.GraphicsTests.csproj", "{408C5AA0-004B-4237-9D5D-D9ECC35EE35F}"
EndProject
Project("{2150E333-8FDC-42A3-9474-1A3956D46DE8}") = "Base", "Base", "{D2430DDB-CF76-4570-8F9F-D8EAC21C9D95}"
EndProject
Project("{9A19103F-16F7-4668-BE54-9A1E7A4F7556}") = "OpenStack.Polyfills", "OpenStack\Base\OpenStack.Polyfills\OpenStack.Polyfills.csproj", "{88DCAFE5-1E2F-4F05-BDC9-F92CD0E8B67C}"
EndProject
Project("{9A19103F-16F7-4668-BE54-9A1E7A4F7556}") = "GameSpec.ACTests", "AC\GameSpec.ACTests\GameSpec.ACTests.csproj", "{0F072B78-5CC2-4EAA-AD65-5FA6BD2D2CE7}"
EndProject
Project("{9A19103F-16F7-4668-BE54-9A1E7A4F7556}") = "GameSpec.ArkaneTests", "Arkane\GameSpec.ArkaneTests\GameSpec.ArkaneTests.csproj", "{7308F32B-705C-4E96-A73C-24782DEB2DBD}"
EndProject
Project("{9A19103F-16F7-4668-BE54-9A1E7A4F7556}") = "GameSpec.AuroraTests", "Aurora\GameSpec.AuroraTests\GameSpec.AuroraTests.csproj", "{2C995BE9-B275-48FC-95F3-FEEE59EF421C}"
EndProject
Project("{9A19103F-16F7-4668-BE54-9A1E7A4F7556}") = "GameSpec.BaseTests", "Base\GameSpec.BaseTests\GameSpec.BaseTests.csproj", "{A77B276B-CE12-4215-9BBE-7B03CCD55813}"
EndProject
Project("{9A19103F-16F7-4668-BE54-9A1E7A4F7556}") = "GameSpec.CryTests", "Cry\GameSpec.CryTests\GameSpec.CryTests.csproj", "{446827FD-70DD-43F4-B041-157830CD65AE}"
EndProject
Project("{9A19103F-16F7-4668-BE54-9A1E7A4F7556}") = "GameSpec.Cyanide", "Cyanide\GameSpec.Cyanide\GameSpec.Cyanide.csproj", "{3043A7F6-2E15-48F5-BC05-436E82D644D4}"
EndProject
Project("{9A19103F-16F7-4668-BE54-9A1E7A4F7556}") = "GameSpec.CyanideTests", "Cyanide\GameSpec.CyanideTests\GameSpec.CyanideTests.csproj", "{006842BE-EBC5-4997-9E01-5FC3D19DB7E7}"
EndProject
Project("{9A19103F-16F7-4668-BE54-9A1E7A4F7556}") = "GameSpec.Origin", "Origin\GameSpec.Origin\GameSpec.Origin.csproj", "{A88A4ECA-E3A0-4FE5-BAB8-65FDAA420E47}"
EndProject
Project("{9A19103F-16F7-4668-BE54-9A1E7A4F7556}") = "GameSpec.OriginTests", "Origin\GameSpec.OriginTests\GameSpec.OriginTests.csproj", "{6753CA8A-D765-4FFD-91C0-E4B4671DA542}"
EndProject
Project("{2150E333-8FDC-42A3-9474-1A3956D46DE8}") = "Unknown", "Unknown", "{991C1B68-70C3-4A86-8906-98914C9CE114}"
	ProjectSection(SolutionItems) = preProject
		Unknown\Readme.md = Unknown\Readme.md
		Unknown\UnknownFamily.json = Unknown\UnknownFamily.json
	EndProjectSection
EndProject
Project("{9A19103F-16F7-4668-BE54-9A1E7A4F7556}") = "GameSpec.AC.Platform", "AC\GameSpec.AC.Platform\GameSpec.AC.Platform.csproj", "{A8CFC567-7182-417E-BC84-5A90E1A3C805}"
EndProject
Project("{9A19103F-16F7-4668-BE54-9A1E7A4F7556}") = "GameSpec.Arkane.Platform", "Arkane\GameSpec.Arkane.Platform\GameSpec.Arkane.Platform.csproj", "{0171784C-957E-46A2-B6D9-DA475D86AE85}"
EndProject
Project("{9A19103F-16F7-4668-BE54-9A1E7A4F7556}") = "GameSpec.Aurora.Platform", "Aurora\GameSpec.Aurora.Platform\GameSpec.Aurora.Platform.csproj", "{AC449BA4-7BB7-4363-93E4-F3FBB381B9A2}"
EndProject
Project("{9A19103F-16F7-4668-BE54-9A1E7A4F7556}") = "GameSpec.Cry.Platform", "Cry\GameSpec.Cry.Platform\GameSpec.Cry.Platform.csproj", "{EF033256-D6EF-402D-BE2B-87CCDC34A12A}"
EndProject
Project("{9A19103F-16F7-4668-BE54-9A1E7A4F7556}") = "GameSpec.Cyanide.Platform", "Cyanide\GameSpec.Cyanide.Platform\GameSpec.Cyanide.Platform.csproj", "{8527EEF2-EF88-460C-B56D-F1C511E7E005}"
EndProject
Project("{9A19103F-16F7-4668-BE54-9A1E7A4F7556}") = "GameSpec.Origin.Platform", "Origin\GameSpec.Origin.Platform\GameSpec.Origin.Platform.csproj", "{2316A826-A908-49F2-B0C9-056DA5AA1E6C}"
EndProject
Project("{9A19103F-16F7-4668-BE54-9A1E7A4F7556}") = "GameSpec.Red", "Red\GameSpec.Red\GameSpec.Red.csproj", "{562D7A0E-76A3-49F6-8E64-2900CDEC2495}"
EndProject
Project("{9A19103F-16F7-4668-BE54-9A1E7A4F7556}") = "GameSpec.Red.Platform", "Red\GameSpec.Red.Platform\GameSpec.Red.Platform.csproj", "{650E56E5-C151-44CB-ACCA-57F22787C2BD}"
EndProject
Project("{9A19103F-16F7-4668-BE54-9A1E7A4F7556}") = "GameSpec.Red.Resource", "Red\GameSpec.Red.Resource\GameSpec.Red.Resource.csproj", "{BA942B3E-6F1A-486B-95FC-BDFED342E9A2}"
EndProject
Project("{9A19103F-16F7-4668-BE54-9A1E7A4F7556}") = "GameSpec.RedTests", "Red\GameSpec.RedTests\GameSpec.RedTests.csproj", "{04219500-823F-4BE5-A16A-5051EA7D872D}"
EndProject
Project("{9A19103F-16F7-4668-BE54-9A1E7A4F7556}") = "GameSpec.Rsi", "Rsi\GameSpec.Rsi\GameSpec.Rsi.csproj", "{7C0806B6-63F0-4A4B-83C1-A53457BB15D8}"
EndProject
Project("{9A19103F-16F7-4668-BE54-9A1E7A4F7556}") = "GameSpec.Rsi.Platform", "Rsi\GameSpec.Rsi.Platform\GameSpec.Rsi.Platform.csproj", "{8B77C3A2-C2EC-4B23-AB93-E6DA0F7ED462}"
EndProject
Project("{9A19103F-16F7-4668-BE54-9A1E7A4F7556}") = "GameSpec.RsiTests", "Rsi\GameSpec.RsiTests\GameSpec.RsiTests.csproj", "{5421B474-8377-4109-872C-AA13C3380915}"
EndProject
Project("{9A19103F-16F7-4668-BE54-9A1E7A4F7556}") = "GameSpec.Tes", "Tes\GameSpec.Tes\GameSpec.Tes.csproj", "{E8025E1F-381B-4626-8F2A-86C35C938FE1}"
EndProject
Project("{9A19103F-16F7-4668-BE54-9A1E7A4F7556}") = "GameSpec.Tes.Platform", "Tes\GameSpec.Tes.Platform\GameSpec.Tes.Platform.csproj", "{22B4B780-20A8-44C3-9321-066E52971B16}"
EndProject
Project("{9A19103F-16F7-4668-BE54-9A1E7A4F7556}") = "GameSpec.TesTests", "Tes\GameSpec.TesTests\GameSpec.TesTests.csproj", "{D56F8B1B-7C5F-48C2-B9C1-7E840319AABC}"
EndProject
Project("{9A19103F-16F7-4668-BE54-9A1E7A4F7556}") = "GameSpec.Unity", "Unity\GameSpec.Unity\GameSpec.Unity.csproj", "{70A7FA64-1CCB-42AC-875C-E4D258FC0ED5}"
EndProject
Project("{9A19103F-16F7-4668-BE54-9A1E7A4F7556}") = "GameSpec.Unity.Platform", "Unity\GameSpec.Unity.Platform\GameSpec.Unity.Platform.csproj", "{E3B9D0A0-80F3-457A-BEC6-EC7268B48574}"
EndProject
Project("{9A19103F-16F7-4668-BE54-9A1E7A4F7556}") = "GameSpec.UnityTests", "Unity\GameSpec.UnityTests\GameSpec.UnityTests.csproj", "{6EB17D66-E2CF-4583-AAE7-2A6472174054}"
EndProject
Project("{9A19103F-16F7-4668-BE54-9A1E7A4F7556}") = "GameSpec.Unreal", "Unreal\GameSpec.Unreal\GameSpec.Unreal.csproj", "{85F5B722-204B-4554-9F7C-7EF7646B163A}"
EndProject
Project("{9A19103F-16F7-4668-BE54-9A1E7A4F7556}") = "GameSpec.Unreal.Platform", "Unreal\GameSpec.Unreal.Platform\GameSpec.Unreal.Platform.csproj", "{4A88D2EB-2145-4D01-B758-CC37B1B5E0DD}"
EndProject
Project("{9A19103F-16F7-4668-BE54-9A1E7A4F7556}") = "GameSpec.UnrealTests", "Unreal\GameSpec.UnrealTests\GameSpec.UnrealTests.csproj", "{C62F5816-D06E-472E-B909-855B9AD30BDC}"
EndProject
Project("{9A19103F-16F7-4668-BE54-9A1E7A4F7556}") = "GameSpec.Valve", "Valve\GameSpec.Valve\GameSpec.Valve.csproj", "{A3A79249-0820-4E28-ABDE-5DF97F23BCF1}"
EndProject
Project("{9A19103F-16F7-4668-BE54-9A1E7A4F7556}") = "GameSpec.Valve.Platform", "Valve\GameSpec.Valve.Platform\GameSpec.Valve.Platform.csproj", "{D2AF35FE-B250-4E5E-BC86-7EC7ECDE0432}"
EndProject
Project("{9A19103F-16F7-4668-BE54-9A1E7A4F7556}") = "GameSpec.ValveTests", "Valve\GameSpec.ValveTests\GameSpec.ValveTests.csproj", "{328865E1-04C0-49CB-8CB5-72FFA966C273}"
EndProject
Project("{2150E333-8FDC-42A3-9474-1A3956D46DE8}") = "Lith", "Lith", "{126CF77A-F7E7-40D8-B91E-826AFBE7C971}"
	ProjectSection(SolutionItems) = preProject
		Lith\LithFamily.json = Lith\LithFamily.json
		Lith\Readme.md = Lith\Readme.md
	EndProjectSection
EndProject
Project("{9A19103F-16F7-4668-BE54-9A1E7A4F7556}") = "GameSpec.Lith", "Lith\GameSpec.Lith\GameSpec.Lith.csproj", "{E7BCDDDF-CACE-4D9D-87E3-A455449FD19D}"
EndProject
Project("{9A19103F-16F7-4668-BE54-9A1E7A4F7556}") = "GameSpec.Lith.Platform", "Lith\GameSpec.Lith.Platform\GameSpec.Lith.Platform.csproj", "{F27DA894-E285-4829-AB0D-3E9C9E7FD763}"
EndProject
Project("{9A19103F-16F7-4668-BE54-9A1E7A4F7556}") = "GameSpec.LithTests", "Lith\GameSpec.LithTests\GameSpec.LithTests.csproj", "{73B0BE5C-4C09-47E3-A5EE-A6925019EAFF}"
EndProject
Project("{2150E333-8FDC-42A3-9474-1A3956D46DE8}") = "IW", "IW", "{557FA17D-0D46-42AE-95E1-8B486EA8822A}"
	ProjectSection(SolutionItems) = preProject
		IW\IWFamily.json = IW\IWFamily.json
		IW\Readme.md = IW\Readme.md
	EndProjectSection
EndProject
Project("{9A19103F-16F7-4668-BE54-9A1E7A4F7556}") = "GameSpec.IW", "IW\GameSpec.IW\GameSpec.IW.csproj", "{7A786B50-3EF2-4F4E-B694-8F5123B4E807}"
EndProject
Project("{9A19103F-16F7-4668-BE54-9A1E7A4F7556}") = "GameSpec.IW.Platform", "IW\GameSpec.IW.Platform\GameSpec.IW.Platform.csproj", "{6C0D26C6-15BB-4B6D-A562-C74266108ACF}"
EndProject
Project("{9A19103F-16F7-4668-BE54-9A1E7A4F7556}") = "GameSpec.IWTests", "IW\GameSpec.IWTests\GameSpec.IWTests.csproj", "{D83EFE77-E721-41E6-9BC4-C86C8CA5D9B9}"
EndProject
Global
	GlobalSection(SolutionConfigurationPlatforms) = preSolution
		Debug|Any CPU = Debug|Any CPU
		Release|Any CPU = Release|Any CPU
	EndGlobalSection
	GlobalSection(ProjectConfigurationPlatforms) = postSolution
		{38C4E47D-7418-41FD-8017-FB5104D128BA}.Debug|Any CPU.ActiveCfg = Debug|Any CPU
		{38C4E47D-7418-41FD-8017-FB5104D128BA}.Debug|Any CPU.Build.0 = Debug|Any CPU
		{38C4E47D-7418-41FD-8017-FB5104D128BA}.Release|Any CPU.ActiveCfg = Release|Any CPU
		{38C4E47D-7418-41FD-8017-FB5104D128BA}.Release|Any CPU.Build.0 = Release|Any CPU
		{F2C4C5A4-216F-43D9-8B8B-A793F70B3539}.Debug|Any CPU.ActiveCfg = Debug|Any CPU
		{F2C4C5A4-216F-43D9-8B8B-A793F70B3539}.Debug|Any CPU.Build.0 = Debug|Any CPU
		{F2C4C5A4-216F-43D9-8B8B-A793F70B3539}.Release|Any CPU.ActiveCfg = Release|Any CPU
		{F2C4C5A4-216F-43D9-8B8B-A793F70B3539}.Release|Any CPU.Build.0 = Release|Any CPU
		{CD09B351-E57D-4B12-914F-9F18E792E861}.Debug|Any CPU.ActiveCfg = Debug|Any CPU
		{CD09B351-E57D-4B12-914F-9F18E792E861}.Debug|Any CPU.Build.0 = Debug|Any CPU
		{CD09B351-E57D-4B12-914F-9F18E792E861}.Release|Any CPU.ActiveCfg = Release|Any CPU
		{CD09B351-E57D-4B12-914F-9F18E792E861}.Release|Any CPU.Build.0 = Release|Any CPU
		{80148EDE-E470-402C-B8C5-D20E5847D983}.Debug|Any CPU.ActiveCfg = Debug|Any CPU
		{80148EDE-E470-402C-B8C5-D20E5847D983}.Debug|Any CPU.Build.0 = Debug|Any CPU
		{80148EDE-E470-402C-B8C5-D20E5847D983}.Release|Any CPU.ActiveCfg = Release|Any CPU
		{80148EDE-E470-402C-B8C5-D20E5847D983}.Release|Any CPU.Build.0 = Release|Any CPU
		{DE9BDA65-BCFA-4E75-B30E-BC00E2AE96EC}.Debug|Any CPU.ActiveCfg = Debug|Any CPU
		{DE9BDA65-BCFA-4E75-B30E-BC00E2AE96EC}.Debug|Any CPU.Build.0 = Debug|Any CPU
		{DE9BDA65-BCFA-4E75-B30E-BC00E2AE96EC}.Release|Any CPU.ActiveCfg = Release|Any CPU
		{DE9BDA65-BCFA-4E75-B30E-BC00E2AE96EC}.Release|Any CPU.Build.0 = Release|Any CPU
		{25CF4BF8-091C-43FC-8ADB-D2E1D80EEAF5}.Debug|Any CPU.ActiveCfg = Debug|Any CPU
		{25CF4BF8-091C-43FC-8ADB-D2E1D80EEAF5}.Debug|Any CPU.Build.0 = Debug|Any CPU
		{25CF4BF8-091C-43FC-8ADB-D2E1D80EEAF5}.Release|Any CPU.ActiveCfg = Release|Any CPU
		{25CF4BF8-091C-43FC-8ADB-D2E1D80EEAF5}.Release|Any CPU.Build.0 = Release|Any CPU
		{5FA4394C-FC95-4985-AC57-945F74DFB546}.Debug|Any CPU.ActiveCfg = Debug|Any CPU
		{5FA4394C-FC95-4985-AC57-945F74DFB546}.Debug|Any CPU.Build.0 = Debug|Any CPU
		{5FA4394C-FC95-4985-AC57-945F74DFB546}.Release|Any CPU.ActiveCfg = Release|Any CPU
		{5FA4394C-FC95-4985-AC57-945F74DFB546}.Release|Any CPU.Build.0 = Release|Any CPU
		{7A2A2C87-7854-472F-9F5E-97CB5AE7F4E4}.Debug|Any CPU.ActiveCfg = Debug|Any CPU
		{7A2A2C87-7854-472F-9F5E-97CB5AE7F4E4}.Debug|Any CPU.Build.0 = Debug|Any CPU
		{7A2A2C87-7854-472F-9F5E-97CB5AE7F4E4}.Release|Any CPU.ActiveCfg = Release|Any CPU
		{7A2A2C87-7854-472F-9F5E-97CB5AE7F4E4}.Release|Any CPU.Build.0 = Release|Any CPU
		{D41A01B3-4586-4DDB-989D-98BB202B96F0}.Debug|Any CPU.ActiveCfg = Debug|Any CPU
		{D41A01B3-4586-4DDB-989D-98BB202B96F0}.Debug|Any CPU.Build.0 = Debug|Any CPU
		{D41A01B3-4586-4DDB-989D-98BB202B96F0}.Release|Any CPU.ActiveCfg = Release|Any CPU
		{D41A01B3-4586-4DDB-989D-98BB202B96F0}.Release|Any CPU.Build.0 = Release|Any CPU
		{E7557448-1A46-42B9-B57C-F3491E67FF59}.Debug|Any CPU.ActiveCfg = Debug|Any CPU
		{E7557448-1A46-42B9-B57C-F3491E67FF59}.Debug|Any CPU.Build.0 = Debug|Any CPU
		{E7557448-1A46-42B9-B57C-F3491E67FF59}.Release|Any CPU.ActiveCfg = Release|Any CPU
		{E7557448-1A46-42B9-B57C-F3491E67FF59}.Release|Any CPU.Build.0 = Release|Any CPU
		{3F0D05C9-53B2-45E0-9B87-2AB5E6650135}.Debug|Any CPU.ActiveCfg = Debug|Any CPU
		{3F0D05C9-53B2-45E0-9B87-2AB5E6650135}.Debug|Any CPU.Build.0 = Debug|Any CPU
		{3F0D05C9-53B2-45E0-9B87-2AB5E6650135}.Release|Any CPU.ActiveCfg = Release|Any CPU
		{3F0D05C9-53B2-45E0-9B87-2AB5E6650135}.Release|Any CPU.Build.0 = Release|Any CPU
		{BD2EA3EA-3F60-4184-94E2-7486A1BFE539}.Debug|Any CPU.ActiveCfg = Debug|Any CPU
		{BD2EA3EA-3F60-4184-94E2-7486A1BFE539}.Debug|Any CPU.Build.0 = Debug|Any CPU
		{BD2EA3EA-3F60-4184-94E2-7486A1BFE539}.Release|Any CPU.ActiveCfg = Release|Any CPU
		{BD2EA3EA-3F60-4184-94E2-7486A1BFE539}.Release|Any CPU.Build.0 = Release|Any CPU
		{D220D1B1-A252-4314-AB0D-A541B9BD5531}.Debug|Any CPU.ActiveCfg = Debug|Any CPU
		{D220D1B1-A252-4314-AB0D-A541B9BD5531}.Release|Any CPU.ActiveCfg = Release|Any CPU
		{A5A1B037-867C-4EB9-B4C1-AA87FD81220B}.Debug|Any CPU.ActiveCfg = Debug|Any CPU
		{A5A1B037-867C-4EB9-B4C1-AA87FD81220B}.Debug|Any CPU.Build.0 = Debug|Any CPU
		{A5A1B037-867C-4EB9-B4C1-AA87FD81220B}.Release|Any CPU.ActiveCfg = Release|Any CPU
		{A5A1B037-867C-4EB9-B4C1-AA87FD81220B}.Release|Any CPU.Build.0 = Release|Any CPU
		{8AA7AF15-6733-430E-AFB6-FFE80598EFDF}.Debug|Any CPU.ActiveCfg = Debug|Any CPU
		{8AA7AF15-6733-430E-AFB6-FFE80598EFDF}.Debug|Any CPU.Build.0 = Debug|Any CPU
		{8AA7AF15-6733-430E-AFB6-FFE80598EFDF}.Release|Any CPU.ActiveCfg = Release|Any CPU
		{8AA7AF15-6733-430E-AFB6-FFE80598EFDF}.Release|Any CPU.Build.0 = Release|Any CPU
		{F2D4E3F8-7EC0-4BDC-AD85-B442653362DC}.Debug|Any CPU.ActiveCfg = Debug|Any CPU
		{F2D4E3F8-7EC0-4BDC-AD85-B442653362DC}.Debug|Any CPU.Build.0 = Debug|Any CPU
		{F2D4E3F8-7EC0-4BDC-AD85-B442653362DC}.Release|Any CPU.ActiveCfg = Release|Any CPU
		{F2D4E3F8-7EC0-4BDC-AD85-B442653362DC}.Release|Any CPU.Build.0 = Release|Any CPU
		{0073A5EA-A7A8-4A9C-BBA7-0731B37695FD}.Debug|Any CPU.ActiveCfg = Debug|Any CPU
		{0073A5EA-A7A8-4A9C-BBA7-0731B37695FD}.Debug|Any CPU.Build.0 = Debug|Any CPU
		{0073A5EA-A7A8-4A9C-BBA7-0731B37695FD}.Release|Any CPU.ActiveCfg = Release|Any CPU
		{0073A5EA-A7A8-4A9C-BBA7-0731B37695FD}.Release|Any CPU.Build.0 = Release|Any CPU
		{2C3C4F52-8899-47E2-B0F4-72C926B9FB1D}.Debug|Any CPU.ActiveCfg = Debug|Any CPU
		{2C3C4F52-8899-47E2-B0F4-72C926B9FB1D}.Debug|Any CPU.Build.0 = Debug|Any CPU
		{2C3C4F52-8899-47E2-B0F4-72C926B9FB1D}.Release|Any CPU.ActiveCfg = Release|Any CPU
		{2C3C4F52-8899-47E2-B0F4-72C926B9FB1D}.Release|Any CPU.Build.0 = Release|Any CPU
		{4CC178CE-D29A-411E-858C-C842896612C0}.Debug|Any CPU.ActiveCfg = Debug|Any CPU
		{4CC178CE-D29A-411E-858C-C842896612C0}.Debug|Any CPU.Build.0 = Debug|Any CPU
		{4CC178CE-D29A-411E-858C-C842896612C0}.Release|Any CPU.ActiveCfg = Release|Any CPU
		{4CC178CE-D29A-411E-858C-C842896612C0}.Release|Any CPU.Build.0 = Release|Any CPU
		{5D3D4FC2-C888-4462-96CD-72B6030C9E26}.Debug|Any CPU.ActiveCfg = Debug|Any CPU
		{5D3D4FC2-C888-4462-96CD-72B6030C9E26}.Debug|Any CPU.Build.0 = Debug|Any CPU
		{5D3D4FC2-C888-4462-96CD-72B6030C9E26}.Release|Any CPU.ActiveCfg = Release|Any CPU
		{5D3D4FC2-C888-4462-96CD-72B6030C9E26}.Release|Any CPU.Build.0 = Release|Any CPU
		{D8ED51A9-99A8-4AAE-9436-EFD0EC729726}.Debug|Any CPU.ActiveCfg = Debug|Any CPU
		{D8ED51A9-99A8-4AAE-9436-EFD0EC729726}.Debug|Any CPU.Build.0 = Debug|Any CPU
		{D8ED51A9-99A8-4AAE-9436-EFD0EC729726}.Release|Any CPU.ActiveCfg = Release|Any CPU
		{D8ED51A9-99A8-4AAE-9436-EFD0EC729726}.Release|Any CPU.Build.0 = Release|Any CPU
		{CEE4D753-134D-4B37-877B-912CBD0AE852}.Debug|Any CPU.ActiveCfg = Debug|Any CPU
		{CEE4D753-134D-4B37-877B-912CBD0AE852}.Debug|Any CPU.Build.0 = Debug|Any CPU
		{CEE4D753-134D-4B37-877B-912CBD0AE852}.Release|Any CPU.ActiveCfg = Release|Any CPU
		{CEE4D753-134D-4B37-877B-912CBD0AE852}.Release|Any CPU.Build.0 = Release|Any CPU
		{408C5AA0-004B-4237-9D5D-D9ECC35EE35F}.Debug|Any CPU.ActiveCfg = Debug|Any CPU
		{408C5AA0-004B-4237-9D5D-D9ECC35EE35F}.Debug|Any CPU.Build.0 = Debug|Any CPU
		{408C5AA0-004B-4237-9D5D-D9ECC35EE35F}.Release|Any CPU.ActiveCfg = Release|Any CPU
		{408C5AA0-004B-4237-9D5D-D9ECC35EE35F}.Release|Any CPU.Build.0 = Release|Any CPU
		{88DCAFE5-1E2F-4F05-BDC9-F92CD0E8B67C}.Debug|Any CPU.ActiveCfg = Debug|Any CPU
		{88DCAFE5-1E2F-4F05-BDC9-F92CD0E8B67C}.Debug|Any CPU.Build.0 = Debug|Any CPU
		{88DCAFE5-1E2F-4F05-BDC9-F92CD0E8B67C}.Release|Any CPU.ActiveCfg = Release|Any CPU
		{88DCAFE5-1E2F-4F05-BDC9-F92CD0E8B67C}.Release|Any CPU.Build.0 = Release|Any CPU
		{0F072B78-5CC2-4EAA-AD65-5FA6BD2D2CE7}.Debug|Any CPU.ActiveCfg = Debug|Any CPU
		{0F072B78-5CC2-4EAA-AD65-5FA6BD2D2CE7}.Debug|Any CPU.Build.0 = Debug|Any CPU
		{0F072B78-5CC2-4EAA-AD65-5FA6BD2D2CE7}.Release|Any CPU.ActiveCfg = Release|Any CPU
		{0F072B78-5CC2-4EAA-AD65-5FA6BD2D2CE7}.Release|Any CPU.Build.0 = Release|Any CPU
		{7308F32B-705C-4E96-A73C-24782DEB2DBD}.Debug|Any CPU.ActiveCfg = Debug|Any CPU
		{7308F32B-705C-4E96-A73C-24782DEB2DBD}.Debug|Any CPU.Build.0 = Debug|Any CPU
		{7308F32B-705C-4E96-A73C-24782DEB2DBD}.Release|Any CPU.ActiveCfg = Release|Any CPU
		{7308F32B-705C-4E96-A73C-24782DEB2DBD}.Release|Any CPU.Build.0 = Release|Any CPU
		{2C995BE9-B275-48FC-95F3-FEEE59EF421C}.Debug|Any CPU.ActiveCfg = Debug|Any CPU
		{2C995BE9-B275-48FC-95F3-FEEE59EF421C}.Debug|Any CPU.Build.0 = Debug|Any CPU
		{2C995BE9-B275-48FC-95F3-FEEE59EF421C}.Release|Any CPU.ActiveCfg = Release|Any CPU
		{2C995BE9-B275-48FC-95F3-FEEE59EF421C}.Release|Any CPU.Build.0 = Release|Any CPU
		{A77B276B-CE12-4215-9BBE-7B03CCD55813}.Debug|Any CPU.ActiveCfg = Debug|Any CPU
		{A77B276B-CE12-4215-9BBE-7B03CCD55813}.Debug|Any CPU.Build.0 = Debug|Any CPU
		{A77B276B-CE12-4215-9BBE-7B03CCD55813}.Release|Any CPU.ActiveCfg = Release|Any CPU
		{A77B276B-CE12-4215-9BBE-7B03CCD55813}.Release|Any CPU.Build.0 = Release|Any CPU
		{446827FD-70DD-43F4-B041-157830CD65AE}.Debug|Any CPU.ActiveCfg = Debug|Any CPU
		{446827FD-70DD-43F4-B041-157830CD65AE}.Debug|Any CPU.Build.0 = Debug|Any CPU
		{446827FD-70DD-43F4-B041-157830CD65AE}.Release|Any CPU.ActiveCfg = Release|Any CPU
		{446827FD-70DD-43F4-B041-157830CD65AE}.Release|Any CPU.Build.0 = Release|Any CPU
		{3043A7F6-2E15-48F5-BC05-436E82D644D4}.Debug|Any CPU.ActiveCfg = Debug|Any CPU
		{3043A7F6-2E15-48F5-BC05-436E82D644D4}.Debug|Any CPU.Build.0 = Debug|Any CPU
		{3043A7F6-2E15-48F5-BC05-436E82D644D4}.Release|Any CPU.ActiveCfg = Release|Any CPU
		{3043A7F6-2E15-48F5-BC05-436E82D644D4}.Release|Any CPU.Build.0 = Release|Any CPU
		{006842BE-EBC5-4997-9E01-5FC3D19DB7E7}.Debug|Any CPU.ActiveCfg = Debug|Any CPU
		{006842BE-EBC5-4997-9E01-5FC3D19DB7E7}.Debug|Any CPU.Build.0 = Debug|Any CPU
		{006842BE-EBC5-4997-9E01-5FC3D19DB7E7}.Release|Any CPU.ActiveCfg = Release|Any CPU
		{006842BE-EBC5-4997-9E01-5FC3D19DB7E7}.Release|Any CPU.Build.0 = Release|Any CPU
		{A88A4ECA-E3A0-4FE5-BAB8-65FDAA420E47}.Debug|Any CPU.ActiveCfg = Debug|Any CPU
		{A88A4ECA-E3A0-4FE5-BAB8-65FDAA420E47}.Debug|Any CPU.Build.0 = Debug|Any CPU
		{A88A4ECA-E3A0-4FE5-BAB8-65FDAA420E47}.Release|Any CPU.ActiveCfg = Release|Any CPU
		{A88A4ECA-E3A0-4FE5-BAB8-65FDAA420E47}.Release|Any CPU.Build.0 = Release|Any CPU
		{6753CA8A-D765-4FFD-91C0-E4B4671DA542}.Debug|Any CPU.ActiveCfg = Debug|Any CPU
		{6753CA8A-D765-4FFD-91C0-E4B4671DA542}.Debug|Any CPU.Build.0 = Debug|Any CPU
		{6753CA8A-D765-4FFD-91C0-E4B4671DA542}.Release|Any CPU.ActiveCfg = Release|Any CPU
		{6753CA8A-D765-4FFD-91C0-E4B4671DA542}.Release|Any CPU.Build.0 = Release|Any CPU
		{A8CFC567-7182-417E-BC84-5A90E1A3C805}.Debug|Any CPU.ActiveCfg = Debug|Any CPU
		{A8CFC567-7182-417E-BC84-5A90E1A3C805}.Debug|Any CPU.Build.0 = Debug|Any CPU
		{A8CFC567-7182-417E-BC84-5A90E1A3C805}.Release|Any CPU.ActiveCfg = Release|Any CPU
		{A8CFC567-7182-417E-BC84-5A90E1A3C805}.Release|Any CPU.Build.0 = Release|Any CPU
		{0171784C-957E-46A2-B6D9-DA475D86AE85}.Debug|Any CPU.ActiveCfg = Debug|Any CPU
		{0171784C-957E-46A2-B6D9-DA475D86AE85}.Debug|Any CPU.Build.0 = Debug|Any CPU
		{0171784C-957E-46A2-B6D9-DA475D86AE85}.Release|Any CPU.ActiveCfg = Release|Any CPU
		{0171784C-957E-46A2-B6D9-DA475D86AE85}.Release|Any CPU.Build.0 = Release|Any CPU
		{AC449BA4-7BB7-4363-93E4-F3FBB381B9A2}.Debug|Any CPU.ActiveCfg = Debug|Any CPU
		{AC449BA4-7BB7-4363-93E4-F3FBB381B9A2}.Debug|Any CPU.Build.0 = Debug|Any CPU
		{AC449BA4-7BB7-4363-93E4-F3FBB381B9A2}.Release|Any CPU.ActiveCfg = Release|Any CPU
		{AC449BA4-7BB7-4363-93E4-F3FBB381B9A2}.Release|Any CPU.Build.0 = Release|Any CPU
		{EF033256-D6EF-402D-BE2B-87CCDC34A12A}.Debug|Any CPU.ActiveCfg = Debug|Any CPU
		{EF033256-D6EF-402D-BE2B-87CCDC34A12A}.Debug|Any CPU.Build.0 = Debug|Any CPU
		{EF033256-D6EF-402D-BE2B-87CCDC34A12A}.Release|Any CPU.ActiveCfg = Release|Any CPU
		{EF033256-D6EF-402D-BE2B-87CCDC34A12A}.Release|Any CPU.Build.0 = Release|Any CPU
		{8527EEF2-EF88-460C-B56D-F1C511E7E005}.Debug|Any CPU.ActiveCfg = Debug|Any CPU
		{8527EEF2-EF88-460C-B56D-F1C511E7E005}.Debug|Any CPU.Build.0 = Debug|Any CPU
		{8527EEF2-EF88-460C-B56D-F1C511E7E005}.Release|Any CPU.ActiveCfg = Release|Any CPU
		{8527EEF2-EF88-460C-B56D-F1C511E7E005}.Release|Any CPU.Build.0 = Release|Any CPU
		{2316A826-A908-49F2-B0C9-056DA5AA1E6C}.Debug|Any CPU.ActiveCfg = Debug|Any CPU
		{2316A826-A908-49F2-B0C9-056DA5AA1E6C}.Debug|Any CPU.Build.0 = Debug|Any CPU
		{2316A826-A908-49F2-B0C9-056DA5AA1E6C}.Release|Any CPU.ActiveCfg = Release|Any CPU
		{2316A826-A908-49F2-B0C9-056DA5AA1E6C}.Release|Any CPU.Build.0 = Release|Any CPU
		{562D7A0E-76A3-49F6-8E64-2900CDEC2495}.Debug|Any CPU.ActiveCfg = Debug|Any CPU
		{562D7A0E-76A3-49F6-8E64-2900CDEC2495}.Debug|Any CPU.Build.0 = Debug|Any CPU
		{562D7A0E-76A3-49F6-8E64-2900CDEC2495}.Release|Any CPU.ActiveCfg = Release|Any CPU
		{562D7A0E-76A3-49F6-8E64-2900CDEC2495}.Release|Any CPU.Build.0 = Release|Any CPU
		{650E56E5-C151-44CB-ACCA-57F22787C2BD}.Debug|Any CPU.ActiveCfg = Debug|Any CPU
		{650E56E5-C151-44CB-ACCA-57F22787C2BD}.Debug|Any CPU.Build.0 = Debug|Any CPU
		{650E56E5-C151-44CB-ACCA-57F22787C2BD}.Release|Any CPU.ActiveCfg = Release|Any CPU
		{650E56E5-C151-44CB-ACCA-57F22787C2BD}.Release|Any CPU.Build.0 = Release|Any CPU
		{BA942B3E-6F1A-486B-95FC-BDFED342E9A2}.Debug|Any CPU.ActiveCfg = Debug|Any CPU
		{BA942B3E-6F1A-486B-95FC-BDFED342E9A2}.Debug|Any CPU.Build.0 = Debug|Any CPU
		{BA942B3E-6F1A-486B-95FC-BDFED342E9A2}.Release|Any CPU.ActiveCfg = Release|Any CPU
		{BA942B3E-6F1A-486B-95FC-BDFED342E9A2}.Release|Any CPU.Build.0 = Release|Any CPU
		{04219500-823F-4BE5-A16A-5051EA7D872D}.Debug|Any CPU.ActiveCfg = Debug|Any CPU
		{04219500-823F-4BE5-A16A-5051EA7D872D}.Debug|Any CPU.Build.0 = Debug|Any CPU
		{04219500-823F-4BE5-A16A-5051EA7D872D}.Release|Any CPU.ActiveCfg = Release|Any CPU
		{04219500-823F-4BE5-A16A-5051EA7D872D}.Release|Any CPU.Build.0 = Release|Any CPU
		{7C0806B6-63F0-4A4B-83C1-A53457BB15D8}.Debug|Any CPU.ActiveCfg = Debug|Any CPU
		{7C0806B6-63F0-4A4B-83C1-A53457BB15D8}.Debug|Any CPU.Build.0 = Debug|Any CPU
		{7C0806B6-63F0-4A4B-83C1-A53457BB15D8}.Release|Any CPU.ActiveCfg = Release|Any CPU
		{7C0806B6-63F0-4A4B-83C1-A53457BB15D8}.Release|Any CPU.Build.0 = Release|Any CPU
		{8B77C3A2-C2EC-4B23-AB93-E6DA0F7ED462}.Debug|Any CPU.ActiveCfg = Debug|Any CPU
		{8B77C3A2-C2EC-4B23-AB93-E6DA0F7ED462}.Debug|Any CPU.Build.0 = Debug|Any CPU
		{8B77C3A2-C2EC-4B23-AB93-E6DA0F7ED462}.Release|Any CPU.ActiveCfg = Release|Any CPU
		{8B77C3A2-C2EC-4B23-AB93-E6DA0F7ED462}.Release|Any CPU.Build.0 = Release|Any CPU
		{5421B474-8377-4109-872C-AA13C3380915}.Debug|Any CPU.ActiveCfg = Debug|Any CPU
		{5421B474-8377-4109-872C-AA13C3380915}.Debug|Any CPU.Build.0 = Debug|Any CPU
		{5421B474-8377-4109-872C-AA13C3380915}.Release|Any CPU.ActiveCfg = Release|Any CPU
		{5421B474-8377-4109-872C-AA13C3380915}.Release|Any CPU.Build.0 = Release|Any CPU
		{E8025E1F-381B-4626-8F2A-86C35C938FE1}.Debug|Any CPU.ActiveCfg = Debug|Any CPU
		{E8025E1F-381B-4626-8F2A-86C35C938FE1}.Debug|Any CPU.Build.0 = Debug|Any CPU
		{E8025E1F-381B-4626-8F2A-86C35C938FE1}.Release|Any CPU.ActiveCfg = Release|Any CPU
		{E8025E1F-381B-4626-8F2A-86C35C938FE1}.Release|Any CPU.Build.0 = Release|Any CPU
		{22B4B780-20A8-44C3-9321-066E52971B16}.Debug|Any CPU.ActiveCfg = Debug|Any CPU
		{22B4B780-20A8-44C3-9321-066E52971B16}.Debug|Any CPU.Build.0 = Debug|Any CPU
		{22B4B780-20A8-44C3-9321-066E52971B16}.Release|Any CPU.ActiveCfg = Release|Any CPU
		{22B4B780-20A8-44C3-9321-066E52971B16}.Release|Any CPU.Build.0 = Release|Any CPU
		{D56F8B1B-7C5F-48C2-B9C1-7E840319AABC}.Debug|Any CPU.ActiveCfg = Debug|Any CPU
		{D56F8B1B-7C5F-48C2-B9C1-7E840319AABC}.Debug|Any CPU.Build.0 = Debug|Any CPU
		{D56F8B1B-7C5F-48C2-B9C1-7E840319AABC}.Release|Any CPU.ActiveCfg = Release|Any CPU
		{D56F8B1B-7C5F-48C2-B9C1-7E840319AABC}.Release|Any CPU.Build.0 = Release|Any CPU
		{70A7FA64-1CCB-42AC-875C-E4D258FC0ED5}.Debug|Any CPU.ActiveCfg = Debug|Any CPU
		{70A7FA64-1CCB-42AC-875C-E4D258FC0ED5}.Debug|Any CPU.Build.0 = Debug|Any CPU
		{70A7FA64-1CCB-42AC-875C-E4D258FC0ED5}.Release|Any CPU.ActiveCfg = Release|Any CPU
		{70A7FA64-1CCB-42AC-875C-E4D258FC0ED5}.Release|Any CPU.Build.0 = Release|Any CPU
		{E3B9D0A0-80F3-457A-BEC6-EC7268B48574}.Debug|Any CPU.ActiveCfg = Debug|Any CPU
		{E3B9D0A0-80F3-457A-BEC6-EC7268B48574}.Debug|Any CPU.Build.0 = Debug|Any CPU
		{E3B9D0A0-80F3-457A-BEC6-EC7268B48574}.Release|Any CPU.ActiveCfg = Release|Any CPU
		{E3B9D0A0-80F3-457A-BEC6-EC7268B48574}.Release|Any CPU.Build.0 = Release|Any CPU
		{6EB17D66-E2CF-4583-AAE7-2A6472174054}.Debug|Any CPU.ActiveCfg = Debug|Any CPU
		{6EB17D66-E2CF-4583-AAE7-2A6472174054}.Debug|Any CPU.Build.0 = Debug|Any CPU
		{6EB17D66-E2CF-4583-AAE7-2A6472174054}.Release|Any CPU.ActiveCfg = Release|Any CPU
		{6EB17D66-E2CF-4583-AAE7-2A6472174054}.Release|Any CPU.Build.0 = Release|Any CPU
		{85F5B722-204B-4554-9F7C-7EF7646B163A}.Debug|Any CPU.ActiveCfg = Debug|Any CPU
		{85F5B722-204B-4554-9F7C-7EF7646B163A}.Debug|Any CPU.Build.0 = Debug|Any CPU
		{85F5B722-204B-4554-9F7C-7EF7646B163A}.Release|Any CPU.ActiveCfg = Release|Any CPU
		{85F5B722-204B-4554-9F7C-7EF7646B163A}.Release|Any CPU.Build.0 = Release|Any CPU
		{4A88D2EB-2145-4D01-B758-CC37B1B5E0DD}.Debug|Any CPU.ActiveCfg = Debug|Any CPU
		{4A88D2EB-2145-4D01-B758-CC37B1B5E0DD}.Debug|Any CPU.Build.0 = Debug|Any CPU
		{4A88D2EB-2145-4D01-B758-CC37B1B5E0DD}.Release|Any CPU.ActiveCfg = Release|Any CPU
		{4A88D2EB-2145-4D01-B758-CC37B1B5E0DD}.Release|Any CPU.Build.0 = Release|Any CPU
		{C62F5816-D06E-472E-B909-855B9AD30BDC}.Debug|Any CPU.ActiveCfg = Debug|Any CPU
		{C62F5816-D06E-472E-B909-855B9AD30BDC}.Debug|Any CPU.Build.0 = Debug|Any CPU
		{C62F5816-D06E-472E-B909-855B9AD30BDC}.Release|Any CPU.ActiveCfg = Release|Any CPU
		{C62F5816-D06E-472E-B909-855B9AD30BDC}.Release|Any CPU.Build.0 = Release|Any CPU
		{A3A79249-0820-4E28-ABDE-5DF97F23BCF1}.Debug|Any CPU.ActiveCfg = Debug|Any CPU
		{A3A79249-0820-4E28-ABDE-5DF97F23BCF1}.Debug|Any CPU.Build.0 = Debug|Any CPU
		{A3A79249-0820-4E28-ABDE-5DF97F23BCF1}.Release|Any CPU.ActiveCfg = Release|Any CPU
		{A3A79249-0820-4E28-ABDE-5DF97F23BCF1}.Release|Any CPU.Build.0 = Release|Any CPU
		{D2AF35FE-B250-4E5E-BC86-7EC7ECDE0432}.Debug|Any CPU.ActiveCfg = Debug|Any CPU
		{D2AF35FE-B250-4E5E-BC86-7EC7ECDE0432}.Debug|Any CPU.Build.0 = Debug|Any CPU
		{D2AF35FE-B250-4E5E-BC86-7EC7ECDE0432}.Release|Any CPU.ActiveCfg = Release|Any CPU
		{D2AF35FE-B250-4E5E-BC86-7EC7ECDE0432}.Release|Any CPU.Build.0 = Release|Any CPU
		{328865E1-04C0-49CB-8CB5-72FFA966C273}.Debug|Any CPU.ActiveCfg = Debug|Any CPU
		{328865E1-04C0-49CB-8CB5-72FFA966C273}.Debug|Any CPU.Build.0 = Debug|Any CPU
		{328865E1-04C0-49CB-8CB5-72FFA966C273}.Release|Any CPU.ActiveCfg = Release|Any CPU
		{328865E1-04C0-49CB-8CB5-72FFA966C273}.Release|Any CPU.Build.0 = Release|Any CPU
		{E7BCDDDF-CACE-4D9D-87E3-A455449FD19D}.Debug|Any CPU.ActiveCfg = Debug|Any CPU
		{E7BCDDDF-CACE-4D9D-87E3-A455449FD19D}.Debug|Any CPU.Build.0 = Debug|Any CPU
		{E7BCDDDF-CACE-4D9D-87E3-A455449FD19D}.Release|Any CPU.ActiveCfg = Release|Any CPU
		{E7BCDDDF-CACE-4D9D-87E3-A455449FD19D}.Release|Any CPU.Build.0 = Release|Any CPU
		{F27DA894-E285-4829-AB0D-3E9C9E7FD763}.Debug|Any CPU.ActiveCfg = Debug|Any CPU
		{F27DA894-E285-4829-AB0D-3E9C9E7FD763}.Debug|Any CPU.Build.0 = Debug|Any CPU
		{F27DA894-E285-4829-AB0D-3E9C9E7FD763}.Release|Any CPU.ActiveCfg = Release|Any CPU
		{F27DA894-E285-4829-AB0D-3E9C9E7FD763}.Release|Any CPU.Build.0 = Release|Any CPU
		{73B0BE5C-4C09-47E3-A5EE-A6925019EAFF}.Debug|Any CPU.ActiveCfg = Debug|Any CPU
		{73B0BE5C-4C09-47E3-A5EE-A6925019EAFF}.Debug|Any CPU.Build.0 = Debug|Any CPU
		{73B0BE5C-4C09-47E3-A5EE-A6925019EAFF}.Release|Any CPU.ActiveCfg = Release|Any CPU
		{73B0BE5C-4C09-47E3-A5EE-A6925019EAFF}.Release|Any CPU.Build.0 = Release|Any CPU
		{7A786B50-3EF2-4F4E-B694-8F5123B4E807}.Debug|Any CPU.ActiveCfg = Debug|Any CPU
		{7A786B50-3EF2-4F4E-B694-8F5123B4E807}.Debug|Any CPU.Build.0 = Debug|Any CPU
		{7A786B50-3EF2-4F4E-B694-8F5123B4E807}.Release|Any CPU.ActiveCfg = Release|Any CPU
		{7A786B50-3EF2-4F4E-B694-8F5123B4E807}.Release|Any CPU.Build.0 = Release|Any CPU
		{6C0D26C6-15BB-4B6D-A562-C74266108ACF}.Debug|Any CPU.ActiveCfg = Debug|Any CPU
		{6C0D26C6-15BB-4B6D-A562-C74266108ACF}.Debug|Any CPU.Build.0 = Debug|Any CPU
		{6C0D26C6-15BB-4B6D-A562-C74266108ACF}.Release|Any CPU.ActiveCfg = Release|Any CPU
		{6C0D26C6-15BB-4B6D-A562-C74266108ACF}.Release|Any CPU.Build.0 = Release|Any CPU
		{D83EFE77-E721-41E6-9BC4-C86C8CA5D9B9}.Debug|Any CPU.ActiveCfg = Debug|Any CPU
		{D83EFE77-E721-41E6-9BC4-C86C8CA5D9B9}.Debug|Any CPU.Build.0 = Debug|Any CPU
		{D83EFE77-E721-41E6-9BC4-C86C8CA5D9B9}.Release|Any CPU.ActiveCfg = Release|Any CPU
		{D83EFE77-E721-41E6-9BC4-C86C8CA5D9B9}.Release|Any CPU.Build.0 = Release|Any CPU
	EndGlobalSection
	GlobalSection(SolutionProperties) = preSolution
		HideSolutionNode = FALSE
	EndGlobalSection
	GlobalSection(NestedProjects) = preSolution
		{38C4E47D-7418-41FD-8017-FB5104D128BA} = {0911DDF1-E514-4BCF-915A-49999D5D168C}
		{F2C4C5A4-216F-43D9-8B8B-A793F70B3539} = {0911DDF1-E514-4BCF-915A-49999D5D168C}
		{CD09B351-E57D-4B12-914F-9F18E792E861} = {0911DDF1-E514-4BCF-915A-49999D5D168C}
		{80148EDE-E470-402C-B8C5-D20E5847D983} = {0911DDF1-E514-4BCF-915A-49999D5D168C}
		{DE9BDA65-BCFA-4E75-B30E-BC00E2AE96EC} = {0911DDF1-E514-4BCF-915A-49999D5D168C}
		{25CF4BF8-091C-43FC-8ADB-D2E1D80EEAF5} = {6D2DEF34-0211-49A7-B0CE-8AF7AE738D8A}
		{5FA4394C-FC95-4985-AC57-945F74DFB546} = {6D2DEF34-0211-49A7-B0CE-8AF7AE738D8A}
		{7A2A2C87-7854-472F-9F5E-97CB5AE7F4E4} = {6D2DEF34-0211-49A7-B0CE-8AF7AE738D8A}
		{D41A01B3-4586-4DDB-989D-98BB202B96F0} = {6D2DEF34-0211-49A7-B0CE-8AF7AE738D8A}
		{E7557448-1A46-42B9-B57C-F3491E67FF59} = {6D2DEF34-0211-49A7-B0CE-8AF7AE738D8A}
		{3F0D05C9-53B2-45E0-9B87-2AB5E6650135} = {0911DDF1-E514-4BCF-915A-49999D5D168C}
		{BD2EA3EA-3F60-4184-94E2-7486A1BFE539} = {0911DDF1-E514-4BCF-915A-49999D5D168C}
		{D220D1B1-A252-4314-AB0D-A541B9BD5531} = {7F78A794-57C6-4BC7-9267-1E68E4CEC9DE}
		{A5A1B037-867C-4EB9-B4C1-AA87FD81220B} = {BDE29250-8EA7-47E0-8D67-A58A176B2D30}
		{8AA7AF15-6733-430E-AFB6-FFE80598EFDF} = {6D2DEF34-0211-49A7-B0CE-8AF7AE738D8A}
		{F2D4E3F8-7EC0-4BDC-AD85-B442653362DC} = {793BECC6-9830-4CB9-B65C-DBC4C14ADCA4}
		{0073A5EA-A7A8-4A9C-BBA7-0731B37695FD} = {0BE39DA4-4D1C-4FBE-87F5-C6C87F039DF0}
		{2C3C4F52-8899-47E2-B0F4-72C926B9FB1D} = {D78C77D6-2696-446A-9D13-7FAE6F3255EE}
		{CFD8D658-BE5E-43FF-A6A8-C5282FB494F0} = {4EC06189-D9CE-42F3-BFA0-F70810EF617B}
		{4CC178CE-D29A-411E-858C-C842896612C0} = {CFD8D658-BE5E-43FF-A6A8-C5282FB494F0}
		{8AFD3AEA-A28F-43C7-8D42-0CF8388BE7D2} = {4EC06189-D9CE-42F3-BFA0-F70810EF617B}
		{5D3D4FC2-C888-4462-96CD-72B6030C9E26} = {8AFD3AEA-A28F-43C7-8D42-0CF8388BE7D2}
		{D8ED51A9-99A8-4AAE-9436-EFD0EC729726} = {8AFD3AEA-A28F-43C7-8D42-0CF8388BE7D2}
		{CEE4D753-134D-4B37-877B-912CBD0AE852} = {8AFD3AEA-A28F-43C7-8D42-0CF8388BE7D2}
		{408C5AA0-004B-4237-9D5D-D9ECC35EE35F} = {8AFD3AEA-A28F-43C7-8D42-0CF8388BE7D2}
		{D2430DDB-CF76-4570-8F9F-D8EAC21C9D95} = {4EC06189-D9CE-42F3-BFA0-F70810EF617B}
		{88DCAFE5-1E2F-4F05-BDC9-F92CD0E8B67C} = {D2430DDB-CF76-4570-8F9F-D8EAC21C9D95}
		{0F072B78-5CC2-4EAA-AD65-5FA6BD2D2CE7} = {BDE29250-8EA7-47E0-8D67-A58A176B2D30}
		{7308F32B-705C-4E96-A73C-24782DEB2DBD} = {793BECC6-9830-4CB9-B65C-DBC4C14ADCA4}
		{2C995BE9-B275-48FC-95F3-FEEE59EF421C} = {0BE39DA4-4D1C-4FBE-87F5-C6C87F039DF0}
		{A77B276B-CE12-4215-9BBE-7B03CCD55813} = {6D2DEF34-0211-49A7-B0CE-8AF7AE738D8A}
		{446827FD-70DD-43F4-B041-157830CD65AE} = {D78C77D6-2696-446A-9D13-7FAE6F3255EE}
		{3043A7F6-2E15-48F5-BC05-436E82D644D4} = {AFEFEEB6-4CAB-4CA3-8FDF-C2C2BDE8C415}
		{006842BE-EBC5-4997-9E01-5FC3D19DB7E7} = {AFEFEEB6-4CAB-4CA3-8FDF-C2C2BDE8C415}
		{A88A4ECA-E3A0-4FE5-BAB8-65FDAA420E47} = {8BAFFF0D-E0B5-495F-84D5-7FF2A4314DA4}
		{6753CA8A-D765-4FFD-91C0-E4B4671DA542} = {8BAFFF0D-E0B5-495F-84D5-7FF2A4314DA4}
		{A8CFC567-7182-417E-BC84-5A90E1A3C805} = {BDE29250-8EA7-47E0-8D67-A58A176B2D30}
		{0171784C-957E-46A2-B6D9-DA475D86AE85} = {793BECC6-9830-4CB9-B65C-DBC4C14ADCA4}
		{AC449BA4-7BB7-4363-93E4-F3FBB381B9A2} = {0BE39DA4-4D1C-4FBE-87F5-C6C87F039DF0}
		{EF033256-D6EF-402D-BE2B-87CCDC34A12A} = {D78C77D6-2696-446A-9D13-7FAE6F3255EE}
		{8527EEF2-EF88-460C-B56D-F1C511E7E005} = {AFEFEEB6-4CAB-4CA3-8FDF-C2C2BDE8C415}
		{2316A826-A908-49F2-B0C9-056DA5AA1E6C} = {8BAFFF0D-E0B5-495F-84D5-7FF2A4314DA4}
		{562D7A0E-76A3-49F6-8E64-2900CDEC2495} = {6E7BB6E0-0506-46AB-A740-D6168BC46D3F}
		{650E56E5-C151-44CB-ACCA-57F22787C2BD} = {6E7BB6E0-0506-46AB-A740-D6168BC46D3F}
		{BA942B3E-6F1A-486B-95FC-BDFED342E9A2} = {6E7BB6E0-0506-46AB-A740-D6168BC46D3F}
		{04219500-823F-4BE5-A16A-5051EA7D872D} = {6E7BB6E0-0506-46AB-A740-D6168BC46D3F}
		{7C0806B6-63F0-4A4B-83C1-A53457BB15D8} = {228CD927-3DD3-45AA-9529-B703AC15A1AA}
		{8B77C3A2-C2EC-4B23-AB93-E6DA0F7ED462} = {228CD927-3DD3-45AA-9529-B703AC15A1AA}
		{5421B474-8377-4109-872C-AA13C3380915} = {228CD927-3DD3-45AA-9529-B703AC15A1AA}
		{E8025E1F-381B-4626-8F2A-86C35C938FE1} = {7F78A794-57C6-4BC7-9267-1E68E4CEC9DE}
		{22B4B780-20A8-44C3-9321-066E52971B16} = {7F78A794-57C6-4BC7-9267-1E68E4CEC9DE}
		{D56F8B1B-7C5F-48C2-B9C1-7E840319AABC} = {7F78A794-57C6-4BC7-9267-1E68E4CEC9DE}
		{70A7FA64-1CCB-42AC-875C-E4D258FC0ED5} = {D13E28F2-5471-49F4-BE39-E7920D84D918}
		{E3B9D0A0-80F3-457A-BEC6-EC7268B48574} = {D13E28F2-5471-49F4-BE39-E7920D84D918}
		{6EB17D66-E2CF-4583-AAE7-2A6472174054} = {D13E28F2-5471-49F4-BE39-E7920D84D918}
		{85F5B722-204B-4554-9F7C-7EF7646B163A} = {9123F171-1DB1-4AB3-95F3-D4BF658998D7}
		{4A88D2EB-2145-4D01-B758-CC37B1B5E0DD} = {9123F171-1DB1-4AB3-95F3-D4BF658998D7}
		{C62F5816-D06E-472E-B909-855B9AD30BDC} = {9123F171-1DB1-4AB3-95F3-D4BF658998D7}
		{A3A79249-0820-4E28-ABDE-5DF97F23BCF1} = {B9CFB3F1-EFD8-4107-8E96-343726BBC9DC}
		{D2AF35FE-B250-4E5E-BC86-7EC7ECDE0432} = {B9CFB3F1-EFD8-4107-8E96-343726BBC9DC}
		{328865E1-04C0-49CB-8CB5-72FFA966C273} = {B9CFB3F1-EFD8-4107-8E96-343726BBC9DC}
		{E7BCDDDF-CACE-4D9D-87E3-A455449FD19D} = {126CF77A-F7E7-40D8-B91E-826AFBE7C971}
		{F27DA894-E285-4829-AB0D-3E9C9E7FD763} = {126CF77A-F7E7-40D8-B91E-826AFBE7C971}
		{73B0BE5C-4C09-47E3-A5EE-A6925019EAFF} = {126CF77A-F7E7-40D8-B91E-826AFBE7C971}
		{7A786B50-3EF2-4F4E-B694-8F5123B4E807} = {557FA17D-0D46-42AE-95E1-8B486EA8822A}
		{6C0D26C6-15BB-4B6D-A562-C74266108ACF} = {557FA17D-0D46-42AE-95E1-8B486EA8822A}
		{D83EFE77-E721-41E6-9BC4-C86C8CA5D9B9} = {557FA17D-0D46-42AE-95E1-8B486EA8822A}
	EndGlobalSection
	GlobalSection(ExtensibilityGlobals) = postSolution
		SolutionGuid = {A9F1BB93-CFBC-4E41-A865-325B22465054}
	EndGlobalSection
EndGlobal
