
Microsoft Visual Studio Solution File, Format Version 12.00
# Visual Studio Version 17
VisualStudioVersion = 17.0.32112.339
MinimumVisualStudioVersion = 10.0.40219.1
Project("{9A19103F-16F7-4668-BE54-9A1E7A4F7556}") = "OpenStack.Polyfills", "Base\OpenStack.Polyfills\OpenStack.Polyfills.csproj", "{B121C154-CD31-4DEE-9D66-1AC279A430FB}"
EndProject
Project("{9A19103F-16F7-4668-BE54-9A1E7A4F7556}") = "OpenStack.Graphics", "Graphics\OpenStack.Graphics\OpenStack.Graphics.csproj", "{1D587261-23CF-40EA-8C35-662A113BA12B}"
EndProject
Project("{9A19103F-16F7-4668-BE54-9A1E7A4F7556}") = "OpenStack.Graphics.OpenGL", "Graphics\OpenStack.Graphics.OpenGL\OpenStack.Graphics.OpenGL.csproj", "{7C2AF588-065C-423D-93F0-44828870F8A6}"
EndProject
Project("{9A19103F-16F7-4668-BE54-9A1E7A4F7556}") = "OpenStack.Graphics.OpenGL2", "Graphics\OpenStack.Graphics.OpenGL2\OpenStack.Graphics.OpenGL2.csproj", "{60E5D980-B923-405D-AACA-4DF132B6407A}"
EndProject
Project("{9A19103F-16F7-4668-BE54-9A1E7A4F7556}") = "OpenStack.GraphicsTests", "Graphics\OpenStack.GraphicsTests\OpenStack.GraphicsTests.csproj", "{2F9F1098-7EE4-43CC-B67B-604CFCCC58E7}"
EndProject
Project("{9A19103F-16F7-4668-BE54-9A1E7A4F7556}") = "OpenStack.Physics", "Physics\OpenStack.Physics\OpenStack.Physics.csproj", "{0D04B1B5-ECE6-4023-8B7A-070583D01CDE}"
EndProject
Project("{2150E333-8FDC-42A3-9474-1A3956D46DE8}") = "Graphics", "Graphics", "{BA482372-2F82-4E0F-B754-1896BB13EC98}"
EndProject
Project("{2150E333-8FDC-42A3-9474-1A3956D46DE8}") = "Physics", "Physics", "{ADD39EE9-7B67-4AF2-9BC1-4094B4A87EA9}"
EndProject
Project("{2150E333-8FDC-42A3-9474-1A3956D46DE8}") = "Base", "Base", "{B226AECC-F132-45DE-91BA-0F4D8BD3989A}"
EndProject
Project("{2150E333-8FDC-42A3-9474-1A3956D46DE8}") = "Audio", "Audio", "{A8722C01-2956-4313-AFBD-490CAEF8F175}"
EndProject
Project("{9A19103F-16F7-4668-BE54-9A1E7A4F7556}") = "OpenStack.OggVorbis", "Audio\OpenStack.OggVorbis\OpenStack.OggVorbis.csproj", "{758A0899-3749-494E-A50C-C43032ABEF79}"
EndProject
Project("{9A19103F-16F7-4668-BE54-9A1E7A4F7556}") = "OpenStack.OpenAL", "Audio\OpenStack.OpenAL\OpenStack.OpenAL.csproj", "{2A1ADCE7-4BEF-473C-B1FC-21C5C14A9398}"
EndProject
Project("{2150E333-8FDC-42A3-9474-1A3956D46DE8}") = "Images", "Images", "{2A14EEBC-A0B7-4875-9EDF-B19722EE3118}"
EndProject
Project("{9A19103F-16F7-4668-BE54-9A1E7A4F7556}") = "OpenStack.Jpeg", "Images\OpenStack.Jpeg\OpenStack.Jpeg.csproj", "{378EE9F0-0530-4FDA-AD52-16B6A210F13E}"
EndProject
Project("{9A19103F-16F7-4668-BE54-9A1E7A4F7556}") = "System.NumericsX", "Base\System.NumericsX\System.NumericsX.csproj", "{A0BC5EFE-4A29-4527-B534-E88C2F390EE4}"
EndProject
Project("{2150E333-8FDC-42A3-9474-1A3956D46DE8}") = "X", "X", "{C44C9AFC-A3A4-46A7-99AB-DA382936E4BC}"
EndProject
Project("{9A19103F-16F7-4668-BE54-9A1E7A4F7556}") = "OpenStack.X", "X\OpenStack.X\OpenStack.X.csproj", "{E74D4E88-CCCD-4404-A61C-79C0C6E43A2A}"
EndProject
Project("{9A19103F-16F7-4668-BE54-9A1E7A4F7556}") = "OpenStack.XSystem", "X\OpenStack.XSystem\OpenStack.XSystem.csproj", "{BAE653A3-B188-4748-AFC6-3AF81ADEFA7F}"
EndProject
Project("{9A19103F-16F7-4668-BE54-9A1E7A4F7556}") = "OpenStack.XTests", "X\OpenStack.XTests\OpenStack.XTests.csproj", "{F25F0CBF-46A8-4781-B30E-4922F4802514}"
EndProject
Project("{9A19103F-16F7-4668-BE54-9A1E7A4F7556}") = "OpenStack.XGngine", "X\OpenStack.XGngine\OpenStack.XGngine.csproj", "{0F5AD24C-A679-4063-A1E5-65A09CF3EE92}"
EndProject
Project("{9A19103F-16F7-4668-BE54-9A1E7A4F7556}") = "OpenStack.XGngine.UI", "X\OpenStack.XGngine.UI\OpenStack.XGngine.UI.csproj", "{58686895-9B78-4207-8983-FC712E6700CC}"
EndProject
Project("{9A19103F-16F7-4668-BE54-9A1E7A4F7556}") = "OpenStack.XGngine.Sound", "X\OpenStack.XGngine.Sound\OpenStack.XGngine.Sound.csproj", "{8F17AA4A-B402-4A5F-8FCD-1B3C811BF1CE}"
EndProject
Project("{9A19103F-16F7-4668-BE54-9A1E7A4F7556}") = "OpenStack.XGngine.Render", "X\OpenStack.XGngine.Render\OpenStack.XGngine.Render.csproj", "{EA9C23A0-3744-490D-BD42-CAA0D879E8A5}"
EndProject
Project("{9A19103F-16F7-4668-BE54-9A1E7A4F7556}") = "OpenStack.XGngine.Framework", "X\OpenStack.XGngine.Framework\OpenStack.XGngine.Framework.csproj", "{C0A1012E-136E-4EA1-B27E-DAB84E783501}"
EndProject
Project("{9A19103F-16F7-4668-BE54-9A1E7A4F7556}") = "OpenStack.XGngine.CM", "X\OpenStack.XGngine.CM\OpenStack.XGngine.CM.csproj", "{562CD2A8-D7A9-4AD9-BE61-23B5D0D1ED6E}"
EndProject
Project("{9A19103F-16F7-4668-BE54-9A1E7A4F7556}") = "OpenStack.PolyIO", "Base\OpenStack.PolyIO\OpenStack.PolyIO.csproj", "{47A78AEB-A0FF-4C35-A3A9-0F96611A2507}"
EndProject
Global
	GlobalSection(SolutionConfigurationPlatforms) = preSolution
		Debug|Any CPU = Debug|Any CPU
		Release|Any CPU = Release|Any CPU
	EndGlobalSection
	GlobalSection(ProjectConfigurationPlatforms) = postSolution
		{B121C154-CD31-4DEE-9D66-1AC279A430FB}.Debug|Any CPU.ActiveCfg = Debug|Any CPU
		{B121C154-CD31-4DEE-9D66-1AC279A430FB}.Debug|Any CPU.Build.0 = Debug|Any CPU
		{B121C154-CD31-4DEE-9D66-1AC279A430FB}.Release|Any CPU.ActiveCfg = Release|Any CPU
		{B121C154-CD31-4DEE-9D66-1AC279A430FB}.Release|Any CPU.Build.0 = Release|Any CPU
		{1D587261-23CF-40EA-8C35-662A113BA12B}.Debug|Any CPU.ActiveCfg = Debug|Any CPU
		{1D587261-23CF-40EA-8C35-662A113BA12B}.Debug|Any CPU.Build.0 = Debug|Any CPU
		{1D587261-23CF-40EA-8C35-662A113BA12B}.Release|Any CPU.ActiveCfg = Release|Any CPU
		{1D587261-23CF-40EA-8C35-662A113BA12B}.Release|Any CPU.Build.0 = Release|Any CPU
		{7C2AF588-065C-423D-93F0-44828870F8A6}.Debug|Any CPU.ActiveCfg = Debug|Any CPU
		{7C2AF588-065C-423D-93F0-44828870F8A6}.Debug|Any CPU.Build.0 = Debug|Any CPU
		{7C2AF588-065C-423D-93F0-44828870F8A6}.Release|Any CPU.ActiveCfg = Release|Any CPU
		{7C2AF588-065C-423D-93F0-44828870F8A6}.Release|Any CPU.Build.0 = Release|Any CPU
		{60E5D980-B923-405D-AACA-4DF132B6407A}.Debug|Any CPU.ActiveCfg = Debug|Any CPU
		{60E5D980-B923-405D-AACA-4DF132B6407A}.Debug|Any CPU.Build.0 = Debug|Any CPU
		{60E5D980-B923-405D-AACA-4DF132B6407A}.Release|Any CPU.ActiveCfg = Release|Any CPU
		{60E5D980-B923-405D-AACA-4DF132B6407A}.Release|Any CPU.Build.0 = Release|Any CPU
		{2F9F1098-7EE4-43CC-B67B-604CFCCC58E7}.Debug|Any CPU.ActiveCfg = Debug|Any CPU
		{2F9F1098-7EE4-43CC-B67B-604CFCCC58E7}.Debug|Any CPU.Build.0 = Debug|Any CPU
		{2F9F1098-7EE4-43CC-B67B-604CFCCC58E7}.Release|Any CPU.ActiveCfg = Release|Any CPU
		{2F9F1098-7EE4-43CC-B67B-604CFCCC58E7}.Release|Any CPU.Build.0 = Release|Any CPU
		{0D04B1B5-ECE6-4023-8B7A-070583D01CDE}.Debug|Any CPU.ActiveCfg = Debug|Any CPU
		{0D04B1B5-ECE6-4023-8B7A-070583D01CDE}.Debug|Any CPU.Build.0 = Debug|Any CPU
		{0D04B1B5-ECE6-4023-8B7A-070583D01CDE}.Release|Any CPU.ActiveCfg = Release|Any CPU
		{0D04B1B5-ECE6-4023-8B7A-070583D01CDE}.Release|Any CPU.Build.0 = Release|Any CPU
		{758A0899-3749-494E-A50C-C43032ABEF79}.Debug|Any CPU.ActiveCfg = Debug|Any CPU
		{758A0899-3749-494E-A50C-C43032ABEF79}.Debug|Any CPU.Build.0 = Debug|Any CPU
		{758A0899-3749-494E-A50C-C43032ABEF79}.Release|Any CPU.ActiveCfg = Release|Any CPU
		{758A0899-3749-494E-A50C-C43032ABEF79}.Release|Any CPU.Build.0 = Release|Any CPU
		{2A1ADCE7-4BEF-473C-B1FC-21C5C14A9398}.Debug|Any CPU.ActiveCfg = Debug|Any CPU
		{2A1ADCE7-4BEF-473C-B1FC-21C5C14A9398}.Debug|Any CPU.Build.0 = Debug|Any CPU
		{2A1ADCE7-4BEF-473C-B1FC-21C5C14A9398}.Release|Any CPU.ActiveCfg = Release|Any CPU
		{2A1ADCE7-4BEF-473C-B1FC-21C5C14A9398}.Release|Any CPU.Build.0 = Release|Any CPU
		{378EE9F0-0530-4FDA-AD52-16B6A210F13E}.Debug|Any CPU.ActiveCfg = Debug|Any CPU
		{378EE9F0-0530-4FDA-AD52-16B6A210F13E}.Debug|Any CPU.Build.0 = Debug|Any CPU
		{378EE9F0-0530-4FDA-AD52-16B6A210F13E}.Release|Any CPU.ActiveCfg = Release|Any CPU
		{378EE9F0-0530-4FDA-AD52-16B6A210F13E}.Release|Any CPU.Build.0 = Release|Any CPU
		{A0BC5EFE-4A29-4527-B534-E88C2F390EE4}.Debug|Any CPU.ActiveCfg = Debug|Any CPU
		{A0BC5EFE-4A29-4527-B534-E88C2F390EE4}.Debug|Any CPU.Build.0 = Debug|Any CPU
		{A0BC5EFE-4A29-4527-B534-E88C2F390EE4}.Release|Any CPU.ActiveCfg = Release|Any CPU
		{A0BC5EFE-4A29-4527-B534-E88C2F390EE4}.Release|Any CPU.Build.0 = Release|Any CPU
		{E74D4E88-CCCD-4404-A61C-79C0C6E43A2A}.Debug|Any CPU.ActiveCfg = Debug|Any CPU
		{E74D4E88-CCCD-4404-A61C-79C0C6E43A2A}.Debug|Any CPU.Build.0 = Debug|Any CPU
		{E74D4E88-CCCD-4404-A61C-79C0C6E43A2A}.Release|Any CPU.ActiveCfg = Release|Any CPU
		{E74D4E88-CCCD-4404-A61C-79C0C6E43A2A}.Release|Any CPU.Build.0 = Release|Any CPU
		{BAE653A3-B188-4748-AFC6-3AF81ADEFA7F}.Debug|Any CPU.ActiveCfg = Debug|Any CPU
		{BAE653A3-B188-4748-AFC6-3AF81ADEFA7F}.Debug|Any CPU.Build.0 = Debug|Any CPU
		{BAE653A3-B188-4748-AFC6-3AF81ADEFA7F}.Release|Any CPU.ActiveCfg = Release|Any CPU
		{BAE653A3-B188-4748-AFC6-3AF81ADEFA7F}.Release|Any CPU.Build.0 = Release|Any CPU
		{F25F0CBF-46A8-4781-B30E-4922F4802514}.Debug|Any CPU.ActiveCfg = Debug|Any CPU
		{F25F0CBF-46A8-4781-B30E-4922F4802514}.Debug|Any CPU.Build.0 = Debug|Any CPU
		{F25F0CBF-46A8-4781-B30E-4922F4802514}.Release|Any CPU.ActiveCfg = Release|Any CPU
		{F25F0CBF-46A8-4781-B30E-4922F4802514}.Release|Any CPU.Build.0 = Release|Any CPU
		{0F5AD24C-A679-4063-A1E5-65A09CF3EE92}.Debug|Any CPU.ActiveCfg = Debug|Any CPU
		{0F5AD24C-A679-4063-A1E5-65A09CF3EE92}.Debug|Any CPU.Build.0 = Debug|Any CPU
		{0F5AD24C-A679-4063-A1E5-65A09CF3EE92}.Release|Any CPU.ActiveCfg = Release|Any CPU
		{0F5AD24C-A679-4063-A1E5-65A09CF3EE92}.Release|Any CPU.Build.0 = Release|Any CPU
		{58686895-9B78-4207-8983-FC712E6700CC}.Debug|Any CPU.ActiveCfg = Debug|Any CPU
		{58686895-9B78-4207-8983-FC712E6700CC}.Debug|Any CPU.Build.0 = Debug|Any CPU
		{58686895-9B78-4207-8983-FC712E6700CC}.Release|Any CPU.ActiveCfg = Release|Any CPU
		{58686895-9B78-4207-8983-FC712E6700CC}.Release|Any CPU.Build.0 = Release|Any CPU
		{8F17AA4A-B402-4A5F-8FCD-1B3C811BF1CE}.Debug|Any CPU.ActiveCfg = Debug|Any CPU
		{8F17AA4A-B402-4A5F-8FCD-1B3C811BF1CE}.Debug|Any CPU.Build.0 = Debug|Any CPU
		{8F17AA4A-B402-4A5F-8FCD-1B3C811BF1CE}.Release|Any CPU.ActiveCfg = Release|Any CPU
		{8F17AA4A-B402-4A5F-8FCD-1B3C811BF1CE}.Release|Any CPU.Build.0 = Release|Any CPU
		{EA9C23A0-3744-490D-BD42-CAA0D879E8A5}.Debug|Any CPU.ActiveCfg = Debug|Any CPU
		{EA9C23A0-3744-490D-BD42-CAA0D879E8A5}.Debug|Any CPU.Build.0 = Debug|Any CPU
		{EA9C23A0-3744-490D-BD42-CAA0D879E8A5}.Release|Any CPU.ActiveCfg = Release|Any CPU
		{EA9C23A0-3744-490D-BD42-CAA0D879E8A5}.Release|Any CPU.Build.0 = Release|Any CPU
		{C0A1012E-136E-4EA1-B27E-DAB84E783501}.Debug|Any CPU.ActiveCfg = Debug|Any CPU
		{C0A1012E-136E-4EA1-B27E-DAB84E783501}.Debug|Any CPU.Build.0 = Debug|Any CPU
		{C0A1012E-136E-4EA1-B27E-DAB84E783501}.Release|Any CPU.ActiveCfg = Release|Any CPU
		{C0A1012E-136E-4EA1-B27E-DAB84E783501}.Release|Any CPU.Build.0 = Release|Any CPU
		{562CD2A8-D7A9-4AD9-BE61-23B5D0D1ED6E}.Debug|Any CPU.ActiveCfg = Debug|Any CPU
		{562CD2A8-D7A9-4AD9-BE61-23B5D0D1ED6E}.Debug|Any CPU.Build.0 = Debug|Any CPU
		{562CD2A8-D7A9-4AD9-BE61-23B5D0D1ED6E}.Release|Any CPU.ActiveCfg = Release|Any CPU
		{562CD2A8-D7A9-4AD9-BE61-23B5D0D1ED6E}.Release|Any CPU.Build.0 = Release|Any CPU
		{47A78AEB-A0FF-4C35-A3A9-0F96611A2507}.Debug|Any CPU.ActiveCfg = Debug|Any CPU
		{47A78AEB-A0FF-4C35-A3A9-0F96611A2507}.Debug|Any CPU.Build.0 = Debug|Any CPU
		{47A78AEB-A0FF-4C35-A3A9-0F96611A2507}.Release|Any CPU.ActiveCfg = Release|Any CPU
		{47A78AEB-A0FF-4C35-A3A9-0F96611A2507}.Release|Any CPU.Build.0 = Release|Any CPU
	EndGlobalSection
	GlobalSection(SolutionProperties) = preSolution
		HideSolutionNode = FALSE
	EndGlobalSection
	GlobalSection(NestedProjects) = preSolution
		{B121C154-CD31-4DEE-9D66-1AC279A430FB} = {B226AECC-F132-45DE-91BA-0F4D8BD3989A}
		{1D587261-23CF-40EA-8C35-662A113BA12B} = {BA482372-2F82-4E0F-B754-1896BB13EC98}
		{7C2AF588-065C-423D-93F0-44828870F8A6} = {BA482372-2F82-4E0F-B754-1896BB13EC98}
		{60E5D980-B923-405D-AACA-4DF132B6407A} = {BA482372-2F82-4E0F-B754-1896BB13EC98}
		{2F9F1098-7EE4-43CC-B67B-604CFCCC58E7} = {BA482372-2F82-4E0F-B754-1896BB13EC98}
		{0D04B1B5-ECE6-4023-8B7A-070583D01CDE} = {ADD39EE9-7B67-4AF2-9BC1-4094B4A87EA9}
		{758A0899-3749-494E-A50C-C43032ABEF79} = {A8722C01-2956-4313-AFBD-490CAEF8F175}
		{2A1ADCE7-4BEF-473C-B1FC-21C5C14A9398} = {A8722C01-2956-4313-AFBD-490CAEF8F175}
		{378EE9F0-0530-4FDA-AD52-16B6A210F13E} = {2A14EEBC-A0B7-4875-9EDF-B19722EE3118}
		{A0BC5EFE-4A29-4527-B534-E88C2F390EE4} = {B226AECC-F132-45DE-91BA-0F4D8BD3989A}
		{E74D4E88-CCCD-4404-A61C-79C0C6E43A2A} = {C44C9AFC-A3A4-46A7-99AB-DA382936E4BC}
		{BAE653A3-B188-4748-AFC6-3AF81ADEFA7F} = {C44C9AFC-A3A4-46A7-99AB-DA382936E4BC}
		{F25F0CBF-46A8-4781-B30E-4922F4802514} = {C44C9AFC-A3A4-46A7-99AB-DA382936E4BC}
		{0F5AD24C-A679-4063-A1E5-65A09CF3EE92} = {C44C9AFC-A3A4-46A7-99AB-DA382936E4BC}
		{58686895-9B78-4207-8983-FC712E6700CC} = {C44C9AFC-A3A4-46A7-99AB-DA382936E4BC}
		{8F17AA4A-B402-4A5F-8FCD-1B3C811BF1CE} = {C44C9AFC-A3A4-46A7-99AB-DA382936E4BC}
		{EA9C23A0-3744-490D-BD42-CAA0D879E8A5} = {C44C9AFC-A3A4-46A7-99AB-DA382936E4BC}
		{C0A1012E-136E-4EA1-B27E-DAB84E783501} = {C44C9AFC-A3A4-46A7-99AB-DA382936E4BC}
		{562CD2A8-D7A9-4AD9-BE61-23B5D0D1ED6E} = {C44C9AFC-A3A4-46A7-99AB-DA382936E4BC}
		{47A78AEB-A0FF-4C35-A3A9-0F96611A2507} = {B226AECC-F132-45DE-91BA-0F4D8BD3989A}
	EndGlobalSection
	GlobalSection(ExtensibilityGlobals) = postSolution
		SolutionGuid = {A9F1BB93-CFBC-4E41-A865-325B22465054}
	EndGlobalSection
EndGlobal
